
Microsoft Visual Studio Solution File, Format Version 12.00
# Visual Studio Version 17
VisualStudioVersion = 17.4.33110.190
MinimumVisualStudioVersion = 10.0.40219.1
Project("{FAE04EC0-301F-11D3-BF4B-00C04F79EFBC}") = "HW_4", "HW_4\HW_4.csproj", "{3CFF5DE9-EDA8-4EB1-8ABD-F0B81682B87B}"
EndProject
Project("{FAE04EC0-301F-11D3-BF4B-00C04F79EFBC}") = "HW_4_Interface", "HW_4_Interface\HW_4_Interface.csproj", "{16B8E0DB-2EF7-40DD-BCD3-D50CD815729F}"
EndProject
Global
	GlobalSection(SolutionConfigurationPlatforms) = preSolution
		Debug|Any CPU = Debug|Any CPU
		Release|Any CPU = Release|Any CPU
	EndGlobalSection
	GlobalSection(ProjectConfigurationPlatforms) = postSolution
		{3CFF5DE9-EDA8-4EB1-8ABD-F0B81682B87B}.Debug|Any CPU.ActiveCfg = Debug|Any CPU
		{3CFF5DE9-EDA8-4EB1-8ABD-F0B81682B87B}.Debug|Any CPU.Build.0 = Debug|Any CPU
		{3CFF5DE9-EDA8-4EB1-8ABD-F0B81682B87B}.Release|Any CPU.ActiveCfg = Release|Any CPU
		{3CFF5DE9-EDA8-4EB1-8ABD-F0B81682B87B}.Release|Any CPU.Build.0 = Release|Any CPU
		{16B8E0DB-2EF7-40DD-BCD3-D50CD815729F}.Debug|Any CPU.ActiveCfg = Debug|Any CPU
		{16B8E0DB-2EF7-40DD-BCD3-D50CD815729F}.Debug|Any CPU.Build.0 = Debug|Any CPU
		{16B8E0DB-2EF7-40DD-BCD3-D50CD815729F}.Release|Any CPU.ActiveCfg = Release|Any CPU
		{16B8E0DB-2EF7-40DD-BCD3-D50CD815729F}.Release|Any CPU.Build.0 = Release|Any CPU
	EndGlobalSection
	GlobalSection(SolutionProperties) = preSolution
		HideSolutionNode = FALSE
	EndGlobalSection
	GlobalSection(ExtensibilityGlobals) = postSolution
		SolutionGuid = {8EC245E9-1AB4-4DFC-9865-C14CCA2C667B}
	EndGlobalSection
EndGlobal
